
Microsoft Visual Studio Solution File, Format Version 12.00
# Visual Studio Version 16
VisualStudioVersion = 16.0.30804.86
MinimumVisualStudioVersion = 10.0.40219.1
Project("{FAE04EC0-301F-11D3-BF4B-00C04F79EFBC}") = "Sweeper", "Sweeper\Sweeper.csproj", "{33D35591-0C0E-4308-A073-7ECEB818DF53}"
EndProject
Global
	GlobalSection(SolutionConfigurationPlatforms) = preSolution
		Debug|Any CPU = Debug|Any CPU
		Release|Any CPU = Release|Any CPU
	EndGlobalSection
	GlobalSection(ProjectConfigurationPlatforms) = postSolution
		{33D35591-0C0E-4308-A073-7ECEB818DF53}.Debug|Any CPU.ActiveCfg = Debug|Any CPU
		{33D35591-0C0E-4308-A073-7ECEB818DF53}.Debug|Any CPU.Build.0 = Debug|Any CPU
		{33D35591-0C0E-4308-A073-7ECEB818DF53}.Release|Any CPU.ActiveCfg = Release|Any CPU
		{33D35591-0C0E-4308-A073-7ECEB818DF53}.Release|Any CPU.Build.0 = Release|Any CPU
	EndGlobalSection
	GlobalSection(SolutionProperties) = preSolution
		HideSolutionNode = FALSE
	EndGlobalSection
	GlobalSection(ExtensibilityGlobals) = postSolution
		SolutionGuid = {4ECCB9B3-A27E-4603-8F35-DAFE1311CF78}
	EndGlobalSection
EndGlobal
